{
  "name": "ivis-core",
  "version": "1.0.0",
  "lockfileVersion": 2,
  "requires": true,
  "packages": {
    "": {
      "name": "ivis-core",
      "version": "1.0.0",
      "license": "MIT",
      "dependencies": {
        "systeminformation": "^4.27.10"
      },
      "devDependencies": {}
    },
    "node_modules/systeminformation": {
      "version": "4.27.10",
      "resolved": "https://registry.npmjs.org/systeminformation/-/systeminformation-4.27.10.tgz",
      "integrity": "sha512-qXuJaa+3A1bLkFNr/rn3H9Uw8UGodSbq+1QjxDbXua9iexfw4UIdAZZTyu9kE5OkXG1Lt6u0z4aZfxYRVL68EA==",
      "os": [
        "darwin",
        "linux",
        "win32",
        "freebsd",
        "openbsd",
        "netbsd",
        "sunos"
      ],
      "bin": {
        "systeminformation": "lib/cli.js"
      },
      "engines": {
        "node": ">=4.0.0"
      },
      "funding": {
        "type": "Buy me a coffee",
        "url": "https://www.buymeacoffee.com/systeminfo"
      }
    }
  },
  "dependencies": {
    "systeminformation": {
      "version": "4.27.10",
      "resolved": "https://registry.npmjs.org/systeminformation/-/systeminformation-4.27.10.tgz",
      "integrity": "sha512-qXuJaa+3A1bLkFNr/rn3H9Uw8UGodSbq+1QjxDbXua9iexfw4UIdAZZTyu9kE5OkXG1Lt6u0z4aZfxYRVL68EA=="
    }
  }
}
